
Microsoft Visual Studio Solution File, Format Version 12.00
# Visual Studio Version 17
VisualStudioVersion = 17.12.35527.113
MinimumVisualStudioVersion = 10.0.40219.1
Project("{FAE04EC0-301F-11D3-BF4B-00C04F79EFBC}") = "KYC_APP", "KYC_APP\KYC_APP.csproj", "{1693669C-BD25-4C4F-B93C-416C81104A3A}"
EndProject
Project("{2150E333-8FDC-42A3-9474-1A3956D46DE8}") = "Solution Items", "Solution Items", "{100FC236-66B4-4213-BFD1-0F313B158443}"
	ProjectSection(SolutionItems) = preProject
		readme.md = readme.md
	EndProjectSection
EndProject
Project("{FAE04EC0-301F-11D3-BF4B-00C04F79EFBC}") = "KYC_APP_Test", "KYC_APP_Test\KYC_APP_Test.csproj", "{68278F11-A872-456F-BB95-B82A19F7D3BF}"
EndProject
Global
	GlobalSection(SolutionConfigurationPlatforms) = preSolution
		Debug|Any CPU = Debug|Any CPU
		Release|Any CPU = Release|Any CPU
	EndGlobalSection
	GlobalSection(ProjectConfigurationPlatforms) = postSolution
		{1693669C-BD25-4C4F-B93C-416C81104A3A}.Debug|Any CPU.ActiveCfg = Debug|Any CPU
		{1693669C-BD25-4C4F-B93C-416C81104A3A}.Debug|Any CPU.Build.0 = Debug|Any CPU
		{1693669C-BD25-4C4F-B93C-416C81104A3A}.Release|Any CPU.ActiveCfg = Release|Any CPU
		{1693669C-BD25-4C4F-B93C-416C81104A3A}.Release|Any CPU.Build.0 = Release|Any CPU
		{68278F11-A872-456F-BB95-B82A19F7D3BF}.Debug|Any CPU.ActiveCfg = Debug|Any CPU
		{68278F11-A872-456F-BB95-B82A19F7D3BF}.Debug|Any CPU.Build.0 = Debug|Any CPU
		{68278F11-A872-456F-BB95-B82A19F7D3BF}.Release|Any CPU.ActiveCfg = Release|Any CPU
		{68278F11-A872-456F-BB95-B82A19F7D3BF}.Release|Any CPU.Build.0 = Release|Any CPU
	EndGlobalSection
	GlobalSection(SolutionProperties) = preSolution
		HideSolutionNode = FALSE
	EndGlobalSection
EndGlobal
